Microsoft Visual Studio Solution File, Format Version 12.00
# Visual Studio 2012
Project("{FAE04EC0-301F-11D3-BF4B-00C04F79EFBC}") = "gunslinger", "gunslinger.csproj", "{51E13C56-D701-40A3-9885-D699B3033943}"
EndProject
Global
	GlobalSection(SolutionConfigurationPlatforms) = preSolution
	Debug|Any CPU = Debug|Any CPU
	ExportDebug|Any CPU = ExportDebug|Any CPU
	ExportRelease|Any CPU = ExportRelease|Any CPU
	EndGlobalSection
	GlobalSection(ProjectConfigurationPlatforms) = postSolution
		{51E13C56-D701-40A3-9885-D699B3033943}.Debug|Any CPU.ActiveCfg = Debug|Any CPU
		{51E13C56-D701-40A3-9885-D699B3033943}.Debug|Any CPU.Build.0 = Debug|Any CPU
		{51E13C56-D701-40A3-9885-D699B3033943}.ExportDebug|Any CPU.ActiveCfg = ExportDebug|Any CPU
		{51E13C56-D701-40A3-9885-D699B3033943}.ExportDebug|Any CPU.Build.0 = ExportDebug|Any CPU
		{51E13C56-D701-40A3-9885-D699B3033943}.ExportRelease|Any CPU.ActiveCfg = ExportRelease|Any CPU
		{51E13C56-D701-40A3-9885-D699B3033943}.ExportRelease|Any CPU.Build.0 = ExportRelease|Any CPU
	EndGlobalSection
EndGlobal
